
Microsoft Visual Studio Solution File, Format Version 12.00
# Visual Studio Version 17
VisualStudioVersion = 17.5.33627.172
MinimumVisualStudioVersion = 10.0.40219.1
Project("{9A19103F-16F7-4668-BE54-9A1E7A4F7556}") = "Uniza.Namedays", "Uniza.Namedays\Uniza.Namedays.csproj", "{5A7AB351-BF29-47E5-92F0-F4D9B938AACF}"
EndProject
Project("{9A19103F-16F7-4668-BE54-9A1E7A4F7556}") = "Uniza.Namedays.ViewerConsoleApp", "Uniza.Namedays.ViewerConsoleApp\Uniza.Namedays.ViewerConsoleApp.csproj", "{A660879D-58E0-4791-9C84-4478A7DF5E72}"
EndProject
Project("{FAE04EC0-301F-11D3-BF4B-00C04F79EFBC}") = "Uniza.Namedays.EditorGuiApp", "Uniza.Namedays.EditorGuiApp\Uniza.Namedays.EditorGuiApp.csproj", "{B477EDE8-9097-4D20-914A-570AC261668F}"
EndProject
Global
	GlobalSection(SolutionConfigurationPlatforms) = preSolution
		Debug|Any CPU = Debug|Any CPU
		Release|Any CPU = Release|Any CPU
	EndGlobalSection
	GlobalSection(ProjectConfigurationPlatforms) = postSolution
		{5A7AB351-BF29-47E5-92F0-F4D9B938AACF}.Debug|Any CPU.ActiveCfg = Debug|Any CPU
		{5A7AB351-BF29-47E5-92F0-F4D9B938AACF}.Debug|Any CPU.Build.0 = Debug|Any CPU
		{5A7AB351-BF29-47E5-92F0-F4D9B938AACF}.Release|Any CPU.ActiveCfg = Release|Any CPU
		{5A7AB351-BF29-47E5-92F0-F4D9B938AACF}.Release|Any CPU.Build.0 = Release|Any CPU
		{A660879D-58E0-4791-9C84-4478A7DF5E72}.Debug|Any CPU.ActiveCfg = Debug|Any CPU
		{A660879D-58E0-4791-9C84-4478A7DF5E72}.Debug|Any CPU.Build.0 = Debug|Any CPU
		{A660879D-58E0-4791-9C84-4478A7DF5E72}.Release|Any CPU.ActiveCfg = Release|Any CPU
		{A660879D-58E0-4791-9C84-4478A7DF5E72}.Release|Any CPU.Build.0 = Release|Any CPU
		{B477EDE8-9097-4D20-914A-570AC261668F}.Debug|Any CPU.ActiveCfg = Debug|Any CPU
		{B477EDE8-9097-4D20-914A-570AC261668F}.Debug|Any CPU.Build.0 = Debug|Any CPU
		{B477EDE8-9097-4D20-914A-570AC261668F}.Release|Any CPU.ActiveCfg = Release|Any CPU
		{B477EDE8-9097-4D20-914A-570AC261668F}.Release|Any CPU.Build.0 = Release|Any CPU
	EndGlobalSection
	GlobalSection(SolutionProperties) = preSolution
		HideSolutionNode = FALSE
	EndGlobalSection
	GlobalSection(ExtensibilityGlobals) = postSolution
		SolutionGuid = {6B5A2853-50F3-4272-A068-03DD1477BCF3}
	EndGlobalSection
EndGlobal
